// !$*UTF8*$!
{
	archiveVersion = 1;
	classes = {
	};
	objectVersion = 50;
	objects = {

/* Begin PBXBuildFile section */
		133539205093596841384A46 /* Pods_ArchitectureApiCars.framework in Frameworks */ = {isa = PBXBuildFile; fileRef = 04B8A9FD771D38D208373824 /* Pods_ArchitectureApiCars.framework */; };
		EA79EEDD221E2C0200FC8CBF /* AppDelegate.swift in Sources */ = {isa = PBXBuildFile; fileRef = EA79EEDC221E2C0200FC8CBF /* AppDelegate.swift */; };
		EA79EEDF221E2C0200FC8CBF /* ViewController.swift in Sources */ = {isa = PBXBuildFile; fileRef = EA79EEDE221E2C0200FC8CBF /* ViewController.swift */; };
		EA79EEE2221E2C0200FC8CBF /* Main.storyboard in Resources */ = {isa = PBXBuildFile; fileRef = EA79EEE0221E2C0200FC8CBF /* Main.storyboard */; };
		EA79EEE4221E2C0300FC8CBF /* Assets.xcassets in Resources */ = {isa = PBXBuildFile; fileRef = EA79EEE3221E2C0300FC8CBF /* Assets.xcassets */; };
		EA79EEE7221E2C0300FC8CBF /* LaunchScreen.storyboard in Resources */ = {isa = PBXBuildFile; fileRef = EA79EEE5221E2C0300FC8CBF /* LaunchScreen.storyboard */; };
		EA79EEF5221E2CB500FC8CBF /* Result.swift in Sources */ = {isa = PBXBuildFile; fileRef = EA79EEF4221E2CB500FC8CBF /* Result.swift */; };
		EA79EEF7221E2E0F00FC8CBF /* Carro.swift in Sources */ = {isa = PBXBuildFile; fileRef = EA79EEF6221E2E0F00FC8CBF /* Carro.swift */; };
		EA79EEF9221E2E1600FC8CBF /* Carros.swift in Sources */ = {isa = PBXBuildFile; fileRef = EA79EEF8221E2E1600FC8CBF /* Carros.swift */; };
		EA79EEFB221E2E2400FC8CBF /* CarroResponse.swift in Sources */ = {isa = PBXBuildFile; fileRef = EA79EEFA221E2E2400FC8CBF /* CarroResponse.swift */; };
		EA79EEFD221E2E3000FC8CBF /* ApiCarros.swift in Sources */ = {isa = PBXBuildFile; fileRef = EA79EEFC221E2E3000FC8CBF /* ApiCarros.swift */; };
		EA79EEFF221E2E8D00FC8CBF /* Constants.swift in Sources */ = {isa = PBXBuildFile; fileRef = EA79EEFE221E2E8D00FC8CBF /* Constants.swift */; };
		EA79EF01221E33EF00FC8CBF /* TableCarDatasourceAndDelegate.swift in Sources */ = {isa = PBXBuildFile; fileRef = EA79EF00221E33EF00FC8CBF /* TableCarDatasourceAndDelegate.swift */; };
		EA79EF03221E367000FC8CBF /* CarTableViewCell.xib in Resources */ = {isa = PBXBuildFile; fileRef = EA79EF02221E367000FC8CBF /* CarTableViewCell.xib */; };
		EA79EF05221E36F700FC8CBF /* CarTableViewCell.swift in Sources */ = {isa = PBXBuildFile; fileRef = EA79EF04221E36F700FC8CBF /* CarTableViewCell.swift */; };
		EAA05FAF222E12F4006EAB6E /* Alert.swift in Sources */ = {isa = PBXBuildFile; fileRef = EAA05FAE222E12F4006EAB6E /* Alert.swift */; };
		EAA05FB1222E1712006EAB6E /* DetalhesViewController.swift in Sources */ = {isa = PBXBuildFile; fileRef = EAA05FB0222E1712006EAB6E /* DetalhesViewController.swift */; };
/* End PBXBuildFile section */

/* Begin PBXFileReference section */
		04B8A9FD771D38D208373824 /* Pods_ArchitectureApiCars.framework */ = {isa = PBXFileReference; explicitFileType = wrapper.framework; includeInIndex = 0; path = Pods_ArchitectureApiCars.framework; sourceTree = BUILT_PRODUCTS_DIR; };
		18007E77C128C840DFDAF827 /* Pods-ArchitectureApiCars.debug.xcconfig */ = {isa = PBXFileReference; includeInIndex = 1; lastKnownFileType = text.xcconfig; name = "Pods-ArchitectureApiCars.debug.xcconfig"; path = "Pods/Target Support Files/Pods-ArchitectureApiCars/Pods-ArchitectureApiCars.debug.xcconfig"; sourceTree = "<group>"; };
		E624266755F4AA6F1AD14F5A /* Pods-ArchitectureApiCars.release.xcconfig */ = {isa = PBXFileReference; includeInIndex = 1; lastKnownFileType = text.xcconfig; name = "Pods-ArchitectureApiCars.release.xcconfig"; path = "Pods/Target Support Files/Pods-ArchitectureApiCars/Pods-ArchitectureApiCars.release.xcconfig"; sourceTree = "<group>"; };
		EA79EED9221E2C0200FC8CBF /* ArchitectureApiCars.app */ = {isa = PBXFileReference; explicitFileType = wrapper.application; includeInIndex = 0; path = ArchitectureApiCars.app; sourceTree = BUILT_PRODUCTS_DIR; };
		EA79EEDC221E2C0200FC8CBF /* AppDelegate.swift */ = {isa = PBXFileReference; lastKnownFileType = sourcecode.swift; path = AppDelegate.swift; sourceTree = "<group>"; };
		EA79EEDE221E2C0200FC8CBF /* ViewController.swift */ = {isa = PBXFileReference; lastKnownFileType = sourcecode.swift; path = ViewController.swift; sourceTree = "<group>"; };
		EA79EEE1221E2C0200FC8CBF /* Base */ = {isa = PBXFileReference; lastKnownFileType = file.storyboard; name = Base; path = Base.lproj/Main.storyboard; sourceTree = "<group>"; };
		EA79EEE3221E2C0300FC8CBF /* Assets.xcassets */ = {isa = PBXFileReference; lastKnownFileType = folder.assetcatalog; path = Assets.xcassets; sourceTree = "<group>"; };
		EA79EEE6221E2C0300FC8CBF /* Base */ = {isa = PBXFileReference; lastKnownFileType = file.storyboard; name = Base; path = Base.lproj/LaunchScreen.storyboard; sourceTree = "<group>"; };
		EA79EEE8221E2C0300FC8CBF /* Info.plist */ = {isa = PBXFileReference; lastKnownFileType = text.plist.xml; path = Info.plist; sourceTree = "<group>"; };
		EA79EEF4221E2CB500FC8CBF /* Result.swift */ = {isa = PBXFileReference; lastKnownFileType = sourcecode.swift; path = Result.swift; sourceTree = "<group>"; };
		EA79EEF6221E2E0F00FC8CBF /* Carro.swift */ = {isa = PBXFileReference; lastKnownFileType = sourcecode.swift; path = Carro.swift; sourceTree = "<group>"; };
		EA79EEF8221E2E1600FC8CBF /* Carros.swift */ = {isa = PBXFileReference; lastKnownFileType = sourcecode.swift; path = Carros.swift; sourceTree = "<group>"; };
		EA79EEFA221E2E2400FC8CBF /* CarroResponse.swift */ = {isa = PBXFileReference; lastKnownFileType = sourcecode.swift; path = CarroResponse.swift; sourceTree = "<group>"; };
		EA79EEFC221E2E3000FC8CBF /* ApiCarros.swift */ = {isa = PBXFileReference; lastKnownFileType = sourcecode.swift; path = ApiCarros.swift; sourceTree = "<group>"; };
		EA79EEFE221E2E8D00FC8CBF /* Constants.swift */ = {isa = PBXFileReference; lastKnownFileType = sourcecode.swift; path = Constants.swift; sourceTree = "<group>"; };
		EA79EF00221E33EF00FC8CBF /* TableCarDatasourceAndDelegate.swift */ = {isa = PBXFileReference; lastKnownFileType = sourcecode.swift; path = TableCarDatasourceAndDelegate.swift; sourceTree = "<group>"; };
		EA79EF02221E367000FC8CBF /* CarTableViewCell.xib */ = {isa = PBXFileReference; lastKnownFileType = file.xib; path = CarTableViewCell.xib; sourceTree = "<group>"; };
		EA79EF04221E36F700FC8CBF /* CarTableViewCell.swift */ = {isa = PBXFileReference; lastKnownFileType = sourcecode.swift; path = CarTableViewCell.swift; sourceTree = "<group>"; };
		EAA05FAE222E12F4006EAB6E /* Alert.swift */ = {isa = PBXFileReference; lastKnownFileType = sourcecode.swift; path = Alert.swift; sourceTree = "<group>"; };
		EAA05FB0222E1712006EAB6E /* DetalhesViewController.swift */ = {isa = PBXFileReference; lastKnownFileType = sourcecode.swift; path = DetalhesViewController.swift; sourceTree = "<group>"; };
/* End PBXFileReference section */

/* Begin PBXFrameworksBuildPhase section */
		EA79EED6221E2C0200FC8CBF /* Frameworks */ = {
			isa = PBXFrameworksBuildPhase;
			buildActionMask = 2147483647;
			files = (
				133539205093596841384A46 /* Pods_ArchitectureApiCars.framework in Frameworks */,
			);
			runOnlyForDeploymentPostprocessing = 0;
		};
/* End PBXFrameworksBuildPhase section */

/* Begin PBXGroup section */
		78D1E0FDAC484C6650B54EBF /* Frameworks */ = {
			isa = PBXGroup;
			children = (
				04B8A9FD771D38D208373824 /* Pods_ArchitectureApiCars.framework */,
			);
			name = Frameworks;
			sourceTree = "<group>";
		};
		EA79EED0221E2C0200FC8CBF = {
			isa = PBXGroup;
			children = (
				EA79EEDB221E2C0200FC8CBF /* ArchitectureApiCars */,
				EA79EEDA221E2C0200FC8CBF /* Products */,
				FB00D7968FFFAF440AACAE40 /* Pods */,
				78D1E0FDAC484C6650B54EBF /* Frameworks */,
			);
			sourceTree = "<group>";
		};
		EA79EEDA221E2C0200FC8CBF /* Products */ = {
			isa = PBXGroup;
			children = (
				EA79EED9221E2C0200FC8CBF /* ArchitectureApiCars.app */,
			);
			name = Products;
			sourceTree = "<group>";
		};
		EA79EEDB221E2C0200FC8CBF /* ArchitectureApiCars */ = {
			isa = PBXGroup;
			children = (
				EA79EEF3221E2C6500FC8CBF /* Helpers */,
				EA79EEF2221E2C5500FC8CBF /* Model */,
				EA79EEF1221E2C4700FC8CBF /* Networking */,
				EA79EEF0221E2C3F00FC8CBF /* Controller */,
				EA79EEEF221E2C3600FC8CBF /* View */,
				EA79EEEE221E2C2600FC8CBF /* SuportingFiles */,
			);
			path = ArchitectureApiCars;
			sourceTree = "<group>";
		};
		EA79EEEE221E2C2600FC8CBF /* SuportingFiles */ = {
			isa = PBXGroup;
			children = (
				EA79EEDC221E2C0200FC8CBF /* AppDelegate.swift */,
				EA79EEE3221E2C0300FC8CBF /* Assets.xcassets */,
				EA79EEE5221E2C0300FC8CBF /* LaunchScreen.storyboard */,
				EA79EEE8221E2C0300FC8CBF /* Info.plist */,
			);
			path = SuportingFiles;
			sourceTree = "<group>";
		};
		EA79EEEF221E2C3600FC8CBF /* View */ = {
			isa = PBXGroup;
			children = (
				EA79EEE0221E2C0200FC8CBF /* Main.storyboard */,
				EA79EF02221E367000FC8CBF /* CarTableViewCell.xib */,
			);
			path = View;
			sourceTree = "<group>";
		};
		EA79EEF0221E2C3F00FC8CBF /* Controller */ = {
			isa = PBXGroup;
			children = (
				EA79EEDE221E2C0200FC8CBF /* ViewController.swift */,
				EA79EF00221E33EF00FC8CBF /* TableCarDatasourceAndDelegate.swift */,
				EA79EF04221E36F700FC8CBF /* CarTableViewCell.swift */,
				EAA05FB0222E1712006EAB6E /* DetalhesViewController.swift */,
			);
			path = Controller;
			sourceTree = "<group>";
		};
		EA79EEF1221E2C4700FC8CBF /* Networking */ = {
			isa = PBXGroup;
			children = (
				EA79EEFC221E2E3000FC8CBF /* ApiCarros.swift */,
			);
			path = Networking;
			sourceTree = "<group>";
		};
		EA79EEF2221E2C5500FC8CBF /* Model */ = {
			isa = PBXGroup;
			children = (
				EA79EEF6221E2E0F00FC8CBF /* Carro.swift */,
				EA79EEF8221E2E1600FC8CBF /* Carros.swift */,
				EA79EEFA221E2E2400FC8CBF /* CarroResponse.swift */,
			);
			path = Model;
			sourceTree = "<group>";
		};
		EA79EEF3221E2C6500FC8CBF /* Helpers */ = {
			isa = PBXGroup;
			children = (
				EA79EEF4221E2CB500FC8CBF /* Result.swift */,
				EA79EEFE221E2E8D00FC8CBF /* Constants.swift */,
				EAA05FAE222E12F4006EAB6E /* Alert.swift */,
			);
			path = Helpers;
			sourceTree = "<group>";
		};
		FB00D7968FFFAF440AACAE40 /* Pods */ = {
			isa = PBXGroup;
			children = (
				18007E77C128C840DFDAF827 /* Pods-ArchitectureApiCars.debug.xcconfig */,
				E624266755F4AA6F1AD14F5A /* Pods-ArchitectureApiCars.release.xcconfig */,
			);
			name = Pods;
			sourceTree = "<group>";
		};
/* End PBXGroup section */

/* Begin PBXNativeTarget section */
		EA79EED8221E2C0200FC8CBF /* ArchitectureApiCars */ = {
			isa = PBXNativeTarget;
			buildConfigurationList = EA79EEEB221E2C0300FC8CBF /* Build configuration list for PBXNativeTarget "ArchitectureApiCars" */;
			buildPhases = (
				D9EBDA0B2FA07FF99BC5A969 /* [CP] Check Pods Manifest.lock */,
				EA79EED5221E2C0200FC8CBF /* Sources */,
				EA79EED6221E2C0200FC8CBF /* Frameworks */,
				EA79EED7221E2C0200FC8CBF /* Resources */,
				BD037FD74EC70BDFBAA763C9 /* [CP] Embed Pods Frameworks */,
			);
			buildRules = (
			);
			dependencies = (
			);
			name = ArchitectureApiCars;
			productName = ArchitectureApiCars;
			productReference = EA79EED9221E2C0200FC8CBF /* ArchitectureApiCars.app */;
			productType = "com.apple.product-type.application";
		};
/* End PBXNativeTarget section */

/* Begin PBXProject section */
		EA79EED1221E2C0200FC8CBF /* Project object */ = {
			isa = PBXProject;
			attributes = {
				LastSwiftUpdateCheck = 0940;
				LastUpgradeCheck = 0940;
				ORGANIZATIONNAME = "André Brilho";
				TargetAttributes = {
					EA79EED8221E2C0200FC8CBF = {
						CreatedOnToolsVersion = 9.4.1;
					};
				};
			};
			buildConfigurationList = EA79EED4221E2C0200FC8CBF /* Build configuration list for PBXProject "ArchitectureApiCars" */;
			compatibilityVersion = "Xcode 9.3";
			developmentRegion = en;
			hasScannedForEncodings = 0;
			knownRegions = (
				en,
				Base,
			);
			mainGroup = EA79EED0221E2C0200FC8CBF;
			productRefGroup = EA79EEDA221E2C0200FC8CBF /* Products */;
			projectDirPath = "";
			projectRoot = "";
			targets = (
				EA79EED8221E2C0200FC8CBF /* ArchitectureApiCars */,
			);
		};
/* End PBXProject section */

/* Begin PBXResourcesBuildPhase section */
		EA79EED7221E2C0200FC8CBF /* Resources */ = {
			isa = PBXResourcesBuildPhase;
			buildActionMask = 2147483647;
			files = (
				EA79EEE7221E2C0300FC8CBF /* LaunchScreen.storyboard in Resources */,
				EA79EEE4221E2C0300FC8CBF /* Assets.xcassets in Resources */,
				EA79EF03221E367000FC8CBF /* CarTableViewCell.xib in Resources */,
				EA79EEE2221E2C0200FC8CBF /* Main.storyboard in Resources */,
			);
			runOnlyForDeploymentPostprocessing = 0;
		};
/* End PBXResourcesBuildPhase section */

/* Begin PBXShellScriptBuildPhase section */
		BD037FD74EC70BDFBAA763C9 /* [CP] Embed Pods Frameworks */ = {
			isa = PBXShellScriptBuildPhase;
			buildActionMask = 2147483647;
			files = (
			);
			inputPaths = (
				"${SRCROOT}/Pods/Target Support Files/Pods-ArchitectureApiCars/Pods-ArchitectureApiCars-frameworks.sh",
				"${BUILT_PRODUCTS_DIR}/Alamofire/Alamofire.framework",
				"${BUILT_PRODUCTS_DIR}/AlamofireImage/AlamofireImage.framework",
			);
			name = "[CP] Embed Pods Frameworks";
			outputPaths = (
				"${TARGET_BUILD_DIR}/${FRAMEWORKS_FOLDER_PATH}/Alamofire.framework",
				"${TARGET_BUILD_DIR}/${FRAMEWORKS_FOLDER_PATH}/AlamofireImage.framework",
			);
			runOnlyForDeploymentPostprocessing = 0;
			shellPath = /bin/sh;
			shellScript = "\"${SRCROOT}/Pods/Target Support Files/Pods-ArchitectureApiCars/Pods-ArchitectureApiCars-frameworks.sh\"\n";
			showEnvVarsInLog = 0;
		};
		D9EBDA0B2FA07FF99BC5A969 /* [CP] Check Pods Manifest.lock */ = {
			isa = PBXShellScriptBuildPhase;
			buildActionMask = 2147483647;
			files = (
			);
			inputPaths = (
				"${PODS_PODFILE_DIR_PATH}/Podfile.lock",
				"${PODS_ROOT}/Manifest.lock",
			);
			name = "[CP] Check Pods Manifest.lock";
			outputPaths = (
				"$(DERIVED_FILE_DIR)/Pods-ArchitectureApiCars-checkManifestLockResult.txt",
			);
			runOnlyForDeploymentPostprocessing = 0;
			shellPath = /bin/sh;
			shellScript = "diff \"${PODS_PODFILE_DIR_PATH}/Podfile.lock\" \"${PODS_ROOT}/Manifest.lock\" > /dev/null\nif [ $? != 0 ] ; then\n    # print error to STDERR\n    echo \"error: The sandbox is not in sync with the Podfile.lock. Run 'pod install' or update your CocoaPods installation.\" >&2\n    exit 1\nfi\n# This output is used by Xcode 'outputs' to avoid re-running this script phase.\necho \"SUCCESS\" > \"${SCRIPT_OUTPUT_FILE_0}\"\n";
			showEnvVarsInLog = 0;
		};
/* End PBXShellScriptBuildPhase section */

/* Begin PBXSourcesBuildPhase section */
		EA79EED5221E2C0200FC8CBF /* Sources */ = {
			isa = PBXSourcesBuildPhase;
			buildActionMask = 2147483647;
			files = (
				EA79EEF5221E2CB500FC8CBF /* Result.swift in Sources */,
				EA79EEF7221E2E0F00FC8CBF /* Carro.swift in Sources */,
				EA79EEDF221E2C0200FC8CBF /* ViewController.swift in Sources */,
				EA79EEFD221E2E3000FC8CBF /* ApiCarros.swift in Sources */,
				EA79EF05221E36F700FC8CBF /* CarTableViewCell.swift in Sources */,
				EA79EF01221E33EF00FC8CBF /* TableCarDatasourceAndDelegate.swift in Sources */,
				EA79EEDD221E2C0200FC8CBF /* AppDelegate.swift in Sources */,
				EA79EEFF221E2E8D00FC8CBF /* Constants.swift in Sources */,
				EAA05FB1222E1712006EAB6E /* DetalhesViewController.swift in Sources */,
				EAA05FAF222E12F4006EAB6E /* Alert.swift in Sources */,
				EA79EEFB221E2E2400FC8CBF /* CarroResponse.swift in Sources */,
				EA79EEF9221E2E1600FC8CBF /* Carros.swift in Sources */,
			);
			runOnlyForDeploymentPostprocessing = 0;
		};
/* End PBXSourcesBuildPhase section */

/* Begin PBXVariantGroup section */
		EA79EEE0221E2C0200FC8CBF /* Main.storyboard */ = {
			isa = PBXVariantGroup;
			children = (
				EA79EEE1221E2C0200FC8CBF /* Base */,
			);
			name = Main.storyboard;
			sourceTree = "<group>";
		};
		EA79EEE5221E2C0300FC8CBF /* LaunchScreen.storyboard */ = {
			isa = PBXVariantGroup;
			children = (
				EA79EEE6221E2C0300FC8CBF /* Base */,
			);
			name = LaunchScreen.storyboard;
			sourceTree = "<group>";
		};
/* End PBXVariantGroup section */

/* Begin XCBuildConfiguration section */
		EA79EEE9221E2C0300FC8CBF /* Debug */ = {
			isa = XCBuildConfiguration;
			buildSettings = {
				ALWAYS_SEARCH_USER_PATHS = NO;
				CLANG_ANALYZER_NONNULL = YES;
				CLANG_ANALYZER_NUMBER_OBJECT_CONVERSION = YES_AGGRESSIVE;
				CLANG_CXX_LANGUAGE_STANDARD = "gnu++14";
				CLANG_CXX_LIBRARY = "libc++";
				CLANG_ENABLE_MODULES = YES;
				CLANG_ENABLE_OBJC_ARC = YES;
				CLANG_ENABLE_OBJC_WEAK = YES;
				CLANG_WARN_BLOCK_CAPTURE_AUTORELEASING = YES;
				CLANG_WARN_BOOL_CONVERSION = YES;
				CLANG_WARN_COMMA = YES;
				CLANG_WARN_CONSTANT_CONVERSION = YES;
				CLANG_WARN_DEPRECATED_OBJC_IMPLEMENTATIONS = YES;
				CLANG_WARN_DIRECT_OBJC_ISA_USAGE = YES_ERROR;
				CLANG_WARN_DOCUMENTATION_COMMENTS = YES;
				CLANG_WARN_EMPTY_BODY = YES;
				CLANG_WARN_ENUM_CONVERSION = YES;
				CLANG_WARN_INFINITE_RECURSION = YES;
				CLANG_WARN_INT_CONVERSION = YES;
				CLANG_WARN_NON_LITERAL_NULL_CONVERSION = YES;
				CLANG_WARN_OBJC_IMPLICIT_RETAIN_SELF = YES;
				CLANG_WARN_OBJC_LITERAL_CONVERSION = YES;
				CLANG_WARN_OBJC_ROOT_CLASS = YES_ERROR;
				CLANG_WARN_RANGE_LOOP_ANALYSIS = YES;
				CLANG_WARN_STRICT_PROTOTYPES = YES;
				CLANG_WARN_SUSPICIOUS_MOVE = YES;
				CLANG_WARN_UNGUARDED_AVAILABILITY = YES_AGGRESSIVE;
				CLANG_WARN_UNREACHABLE_CODE = YES;
				CLANG_WARN__DUPLICATE_METHOD_MATCH = YES;
				CODE_SIGN_IDENTITY = "iPhone Developer";
				COPY_PHASE_STRIP = NO;
				DEBUG_INFORMATION_FORMAT = dwarf;
				ENABLE_STRICT_OBJC_MSGSEND = YES;
				ENABLE_TESTABILITY = YES;
				GCC_C_LANGUAGE_STANDARD = gnu11;
				GCC_DYNAMIC_NO_PIC = NO;
				GCC_NO_COMMON_BLOCKS = YES;
				GCC_OPTIMIZATION_LEVEL = 0;
				GCC_PREPROCESSOR_DEFINITIONS = (
					"DEBUG=1",
					"$(inherited)",
				);
				GCC_WARN_64_TO_32_BIT_CONVERSION = YES;
				GCC_WARN_ABOUT_RETURN_TYPE = YES_ERROR;
				GCC_WARN_UNDECLARED_SELECTOR = YES;
				GCC_WARN_UNINITIALIZED_AUTOS = YES_AGGRESSIVE;
				GCC_WARN_UNUSED_FUNCTION = YES;
				GCC_WARN_UNUSED_VARIABLE = YES;
				IPHONEOS_DEPLOYMENT_TARGET = 11.4;
				MTL_ENABLE_DEBUG_INFO = YES;
				ONLY_ACTIVE_ARCH = YES;
				SDKROOT = iphoneos;
				SWIFT_ACTIVE_COMPILATION_CONDITIONS = DEBUG;
				SWIFT_OPTIMIZATION_LEVEL = "-Onone";
			};
			name = Debug;
		};
		EA79EEEA221E2C0300FC8CBF /* Release */ = {
			isa = XCBuildConfiguration;
			buildSettings = {
				ALWAYS_SEARCH_USER_PATHS = NO;
				CLANG_ANALYZER_NONNULL = YES;
				CLANG_ANALYZER_NUMBER_OBJECT_CONVERSION = YES_AGGRESSIVE;
				CLANG_CXX_LANGUAGE_STANDARD = "gnu++14";
				CLANG_CXX_LIBRARY = "libc++";
				CLANG_ENABLE_MODULES = YES;
				CLANG_ENABLE_OBJC_ARC = YES;
				CLANG_ENABLE_OBJC_WEAK = YES;
				CLANG_WARN_BLOCK_CAPTURE_AUTORELEASING = YES;
				CLANG_WARN_BOOL_CONVERSION = YES;
				CLANG_WARN_COMMA = YES;
				CLANG_WARN_CONSTANT_CONVERSION = YES;
				CLANG_WARN_DEPRECATED_OBJC_IMPLEMENTATIONS = YES;
				CLANG_WARN_DIRECT_OBJC_ISA_USAGE = YES_ERROR;
				CLANG_WARN_DOCUMENTATION_COMMENTS = YES;
				CLANG_WARN_EMPTY_BODY = YES;
				CLANG_WARN_ENUM_CONVERSION = YES;
				CLANG_WARN_INFINITE_RECURSION = YES;
				CLANG_WARN_INT_CONVERSION = YES;
				CLANG_WARN_NON_LITERAL_NULL_CONVERSION = YES;
				CLANG_WARN_OBJC_IMPLICIT_RETAIN_SELF = YES;
				CLANG_WARN_OBJC_LITERAL_CONVERSION = YES;
				CLANG_WARN_OBJC_ROOT_CLASS = YES_ERROR;
				CLANG_WARN_RANGE_LOOP_ANALYSIS = YES;
				CLANG_WARN_STRICT_PROTOTYPES = YES;
				CLANG_WARN_SUSPICIOUS_MOVE = YES;
				CLANG_WARN_UNGUARDED_AVAILABILITY = YES_AGGRESSIVE;
				CLANG_WARN_UNREACHABLE_CODE = YES;
				CLANG_WARN__DUPLICATE_METHOD_MATCH = YES;
				CODE_SIGN_IDENTITY = "iPhone Developer";
				COPY_PHASE_STRIP = NO;
				DEBUG_INFORMATION_FORMAT = "dwarf-with-dsym";
				ENABLE_NS_ASSERTIONS = NO;
				ENABLE_STRICT_OBJC_MSGSEND = YES;
				GCC_C_LANGUAGE_STANDARD = gnu11;
				GCC_NO_COMMON_BLOCKS = YES;
				GCC_WARN_64_TO_32_BIT_CONVERSION = YES;
				GCC_WARN_ABOUT_RETURN_TYPE = YES_ERROR;
				GCC_WARN_UNDECLARED_SELECTOR = YES;
				GCC_WARN_UNINITIALIZED_AUTOS = YES_AGGRESSIVE;
				GCC_WARN_UNUSED_FUNCTION = YES;
				GCC_WARN_UNUSED_VARIABLE = YES;
				IPHONEOS_DEPLOYMENT_TARGET = 11.4;
				MTL_ENABLE_DEBUG_INFO = NO;
				SDKROOT = iphoneos;
				SWIFT_COMPILATION_MODE = wholemodule;
				SWIFT_OPTIMIZATION_LEVEL = "-O";
				VALIDATE_PRODUCT = YES;
			};
			name = Release;
		};
		EA79EEEC221E2C0300FC8CBF /* Debug */ = {
			isa = XCBuildConfiguration;
			baseConfigurationReference = 18007E77C128C840DFDAF827 /* Pods-ArchitectureApiCars.debug.xcconfig */;
			buildSettings = {
				ASSETCATALOG_COMPILER_APPICON_NAME = AppIcon;
				CODE_SIGN_STYLE = Automatic;
				INFOPLIST_FILE = ArchitectureApiCars/SuportingFiles/Info.plist;
				LD_RUNPATH_SEARCH_PATHS = (
					"$(inherited)",
					"@executable_path/Frameworks",
				);
				PRODUCT_BUNDLE_IDENTIFIER = br.com.andrebrilho.ArchitectureApiCars;
				PRODUCT_NAME = "$(TARGET_NAME)";
				SWIFT_VERSION = 4.0;
				TARGETED_DEVICE_FAMILY = "1,2";
			};
			name = Debug;
		};
		EA79EEED221E2C0300FC8CBF /* Release */ = {
			isa = XCBuildConfiguration;
			baseConfigurationReference = E624266755F4AA6F1AD14F5A /* Pods-ArchitectureApiCars.release.xcconfig */;
			buildSettings = {
				ASSETCATALOG_COMPILER_APPICON_NAME = AppIcon;
				CODE_SIGN_STYLE = Automatic;
				INFOPLIST_FILE = ArchitectureApiCars/SuportingFiles/Info.plist;
				LD_RUNPATH_SEARCH_PATHS = (
					"$(inherited)",
					"@executable_path/Frameworks",
				);
				PRODUCT_BUNDLE_IDENTIFIER = br.com.andrebrilho.ArchitectureApiCars;
				PRODUCT_NAME = "$(TARGET_NAME)";
				SWIFT_VERSION = 4.0;
				TARGETED_DEVICE_FAMILY = "1,2";
			};
			name = Release;
		};
/* End XCBuildConfiguration section */

/* Begin XCConfigurationList section */
		EA79EED4221E2C0200FC8CBF /* Build configuration list for PBXProject "ArchitectureApiCars" */ = {
			isa = XCConfigurationList;
			buildConfigurations = (
				EA79EEE9221E2C0300FC8CBF /* Debug */,
				EA79EEEA221E2C0300FC8CBF /* Release */,
			);
			defaultConfigurationIsVisible = 0;
			defaultConfigurationName = Release;
		};
		EA79EEEB221E2C0300FC8CBF /* Build configuration list for PBXNativeTarget "ArchitectureApiCars" */ = {
			isa = XCConfigurationList;
			buildConfigurations = (
				EA79EEEC221E2C0300FC8CBF /* Debug */,
				EA79EEED221E2C0300FC8CBF /* Release */,
			);
			defaultConfigurationIsVisible = 0;
			defaultConfigurationName = Release;
		};
/* End XCConfigurationList section */
	};
	rootObject = EA79EED1221E2C0200FC8CBF /* Project object */;
}
